{
  "originHash" : "1c7a92ea069931a9ab1fdbe193022db997ac50bfbb00d909bc7ee21cb4be42da",
  "pins" : [
    {
      "identity" : "azookeykanakanjiconverter",
      "kind" : "remoteSourceControl",
      "location" : "https://github.com/azooKey/AzooKeyKanaKanjiConverter",
      "state" : {
        "branch" : "7d5dd99",
        "revision" : "7d5dd99fd7f4d1251ff94ae6c75642e4b36f327b"
      }
    },
    {
      "identity" : "jinja",
      "kind" : "remoteSourceControl",
      "location" : "https://github.com/johnmai-dev/Jinja",
      "state" : {
        "revision" : "31c4dd39bcdc07eaa42a384bdc88ea599022b800",
        "version" : "1.1.2"
      }
    },
    {
      "identity" : "swift-algorithms",
      "kind" : "remoteSourceControl",
      "location" : "https://github.com/apple/swift-algorithms",
      "state" : {
        "revision" : "87e50f483c54e6efd60e885f7f5aa946cee68023",
        "version" : "1.2.1"
      }
    },
    {
      "identity" : "swift-collections",
      "kind" : "remoteSourceControl",
      "location" : "https://github.com/apple/swift-collections",
      "state" : {
        "revision" : "671108c96644956dddcd89dd59c203dcdb36cec7",
        "version" : "1.1.4"
      }
    },
    {
      "identity" : "swift-numerics",
      "kind" : "remoteSourceControl",
      "location" : "https://github.com/apple/swift-numerics.git",
      "state" : {
        "revision" : "e0ec0f5f3af6f3e4d5e7a19d2af26b481acb6ba8",
        "version" : "1.0.3"
      }
    },
    {
      "identity" : "swift-tokenizers",
      "kind" : "remoteSourceControl",
      "location" : "https://github.com/ensan-hcl/swift-tokenizers",
      "state" : {
        "branch" : "feat/minimum",
        "revision" : "407e51806c0c3354a9045f23859ed1704114e514"
      }
    }
  ],
  "version" : 3
}